
Microsoft Visual Studio Solution File, Format Version 12.00
# Visual Studio Version 17
VisualStudioVersion = 17.14.36429.23 d17.14
MinimumVisualStudioVersion = 10.0.40219.1
Project("{FAE04EC0-301F-11D3-BF4B-00C04F79EFBC}") = "IAsesoria_Bancaria", "IAsesoria_Bancaria\IAsesoria_Bancaria.csproj", "{321CAF21-E824-445B-A0E0-6FF1343FA068}"
EndProject
Global
	GlobalSection(SolutionConfigurationPlatforms) = preSolution
		Debug|Any CPU = Debug|Any CPU
		Release|Any CPU = Release|Any CPU
	EndGlobalSection
	GlobalSection(ProjectConfigurationPlatforms) = postSolution
		{321CAF21-E824-445B-A0E0-6FF1343FA068}.Debug|Any CPU.ActiveCfg = Debug|Any CPU
		{321CAF21-E824-445B-A0E0-6FF1343FA068}.Debug|Any CPU.Build.0 = Debug|Any CPU
		{321CAF21-E824-445B-A0E0-6FF1343FA068}.Release|Any CPU.ActiveCfg = Release|Any CPU
		{321CAF21-E824-445B-A0E0-6FF1343FA068}.Release|Any CPU.Build.0 = Release|Any CPU
	EndGlobalSection
	GlobalSection(SolutionProperties) = preSolution
		HideSolutionNode = FALSE
	EndGlobalSection
	GlobalSection(ExtensibilityGlobals) = postSolution
		SolutionGuid = {E01752AF-F26F-466E-ACC9-A96C0065AF8E}
	EndGlobalSection
EndGlobal
